
Microsoft Visual Studio Solution File, Format Version 12.00
# Visual Studio Version 17
VisualStudioVersion = 17.0.31903.59
MinimumVisualStudioVersion = 10.0.40219.1
Project("{FAE04EC0-301F-11D3-BF4B-00C04F79EFBC}") = "OutlookObjectives", "OutlookObjectives\OutlookObjectives.csproj", "{0398AA00-228F-4F4C-9FA8-E98338FD2D5E}"
	ProjectSection(ProjectDependencies) = postProject
		{810F481E-81B5-4001-B81F-A86445928D5E} = {810F481E-81B5-4001-B81F-A86445928D5E}
	EndProjectSection
EndProject
Project("{FAE04EC0-301F-11D3-BF4B-00C04F79EFBC}") = "CommonObjectives", "CommonObjectives\CommonObjectives.csproj", "{810F481E-81B5-4001-B81F-A86445928D5E}"
EndProject
Project("{FAE04EC0-301F-11D3-BF4B-00C04F79EFBC}") = "ExcelObjectives", "ExcelObjectives\ExcelObjectives.csproj", "{3EFA3667-A8C6-45A9-8387-35A68FAD381C}"
	ProjectSection(ProjectDependencies) = postProject
		{810F481E-81B5-4001-B81F-A86445928D5E} = {810F481E-81B5-4001-B81F-A86445928D5E}
	EndProjectSection
EndProject
Project("{2150E333-8FDC-42A3-9474-1A3956D46DE8}") = "Solution Items", "Solution Items", "{258D5E7C-D236-4C1C-81FD-403D0847E21C}"
	ProjectSection(SolutionItems) = preProject
		Drop and Create Clients.sql = Drop and Create Clients.sql
		Drop and Create Errors.sql = Drop and Create Errors.sql
		Drop and Create ObjClients.sql = Drop and Create ObjClients.sql
		Drop and Create Objectives.sql = Drop and Create Objectives.sql
		README.md = README.md
	EndProjectSection
EndProject
Global
	GlobalSection(SolutionConfigurationPlatforms) = preSolution
		Debug|Any CPU = Debug|Any CPU
		Debug|ARM64 = Debug|ARM64
		Debug|x64 = Debug|x64
		Debug|x86 = Debug|x86
		Release|Any CPU = Release|Any CPU
		Release|ARM64 = Release|ARM64
		Release|x64 = Release|x64
		Release|x86 = Release|x86
	EndGlobalSection
	GlobalSection(ProjectConfigurationPlatforms) = postSolution
		{0398AA00-228F-4F4C-9FA8-E98338FD2D5E}.Debug|Any CPU.ActiveCfg = Debug|Any CPU
		{0398AA00-228F-4F4C-9FA8-E98338FD2D5E}.Debug|Any CPU.Build.0 = Debug|Any CPU
		{0398AA00-228F-4F4C-9FA8-E98338FD2D5E}.Debug|ARM64.ActiveCfg = Debug|ARM64
		{0398AA00-228F-4F4C-9FA8-E98338FD2D5E}.Debug|ARM64.Build.0 = Debug|ARM64
		{0398AA00-228F-4F4C-9FA8-E98338FD2D5E}.Debug|x64.ActiveCfg = Debug|x64
		{0398AA00-228F-4F4C-9FA8-E98338FD2D5E}.Debug|x64.Build.0 = Debug|x64
		{0398AA00-228F-4F4C-9FA8-E98338FD2D5E}.Debug|x86.ActiveCfg = Debug|Any CPU
		{0398AA00-228F-4F4C-9FA8-E98338FD2D5E}.Debug|x86.Build.0 = Debug|Any CPU
		{0398AA00-228F-4F4C-9FA8-E98338FD2D5E}.Release|Any CPU.ActiveCfg = Release|Any CPU
		{0398AA00-228F-4F4C-9FA8-E98338FD2D5E}.Release|Any CPU.Build.0 = Release|Any CPU
		{0398AA00-228F-4F4C-9FA8-E98338FD2D5E}.Release|ARM64.ActiveCfg = Release|ARM64
		{0398AA00-228F-4F4C-9FA8-E98338FD2D5E}.Release|ARM64.Build.0 = Release|ARM64
		{0398AA00-228F-4F4C-9FA8-E98338FD2D5E}.Release|x64.ActiveCfg = Release|x64
		{0398AA00-228F-4F4C-9FA8-E98338FD2D5E}.Release|x64.Build.0 = Release|x64
		{0398AA00-228F-4F4C-9FA8-E98338FD2D5E}.Release|x86.ActiveCfg = Release|Any CPU
		{0398AA00-228F-4F4C-9FA8-E98338FD2D5E}.Release|x86.Build.0 = Release|Any CPU
		{810F481E-81B5-4001-B81F-A86445928D5E}.Debug|Any CPU.ActiveCfg = Debug|Any CPU
		{810F481E-81B5-4001-B81F-A86445928D5E}.Debug|Any CPU.Build.0 = Debug|Any CPU
		{810F481E-81B5-4001-B81F-A86445928D5E}.Debug|ARM64.ActiveCfg = Debug|ARM64
		{810F481E-81B5-4001-B81F-A86445928D5E}.Debug|ARM64.Build.0 = Debug|ARM64
		{810F481E-81B5-4001-B81F-A86445928D5E}.Debug|x64.ActiveCfg = Debug|x64
		{810F481E-81B5-4001-B81F-A86445928D5E}.Debug|x64.Build.0 = Debug|x64
		{810F481E-81B5-4001-B81F-A86445928D5E}.Debug|x86.ActiveCfg = Debug|Any CPU
		{810F481E-81B5-4001-B81F-A86445928D5E}.Debug|x86.Build.0 = Debug|Any CPU
		{810F481E-81B5-4001-B81F-A86445928D5E}.Release|Any CPU.ActiveCfg = Release|Any CPU
		{810F481E-81B5-4001-B81F-A86445928D5E}.Release|Any CPU.Build.0 = Release|Any CPU
		{810F481E-81B5-4001-B81F-A86445928D5E}.Release|ARM64.ActiveCfg = Release|ARM64
		{810F481E-81B5-4001-B81F-A86445928D5E}.Release|ARM64.Build.0 = Release|ARM64
		{810F481E-81B5-4001-B81F-A86445928D5E}.Release|x64.ActiveCfg = Release|x64
		{810F481E-81B5-4001-B81F-A86445928D5E}.Release|x64.Build.0 = Release|x64
		{810F481E-81B5-4001-B81F-A86445928D5E}.Release|x86.ActiveCfg = Release|Any CPU
		{810F481E-81B5-4001-B81F-A86445928D5E}.Release|x86.Build.0 = Release|Any CPU
		{3EFA3667-A8C6-45A9-8387-35A68FAD381C}.Debug|Any CPU.ActiveCfg = Debug|Any CPU
		{3EFA3667-A8C6-45A9-8387-35A68FAD381C}.Debug|Any CPU.Build.0 = Debug|Any CPU
		{3EFA3667-A8C6-45A9-8387-35A68FAD381C}.Debug|ARM64.ActiveCfg = Debug|ARM64
		{3EFA3667-A8C6-45A9-8387-35A68FAD381C}.Debug|ARM64.Build.0 = Debug|ARM64
		{3EFA3667-A8C6-45A9-8387-35A68FAD381C}.Debug|x64.ActiveCfg = Debug|x64
		{3EFA3667-A8C6-45A9-8387-35A68FAD381C}.Debug|x64.Build.0 = Debug|x64
		{3EFA3667-A8C6-45A9-8387-35A68FAD381C}.Debug|x86.ActiveCfg = Debug|Any CPU
		{3EFA3667-A8C6-45A9-8387-35A68FAD381C}.Debug|x86.Build.0 = Debug|Any CPU
		{3EFA3667-A8C6-45A9-8387-35A68FAD381C}.Release|Any CPU.ActiveCfg = Release|Any CPU
		{3EFA3667-A8C6-45A9-8387-35A68FAD381C}.Release|Any CPU.Build.0 = Release|Any CPU
		{3EFA3667-A8C6-45A9-8387-35A68FAD381C}.Release|ARM64.ActiveCfg = Release|ARM64
		{3EFA3667-A8C6-45A9-8387-35A68FAD381C}.Release|ARM64.Build.0 = Release|ARM64
		{3EFA3667-A8C6-45A9-8387-35A68FAD381C}.Release|x64.ActiveCfg = Release|x64
		{3EFA3667-A8C6-45A9-8387-35A68FAD381C}.Release|x64.Build.0 = Release|x64
		{3EFA3667-A8C6-45A9-8387-35A68FAD381C}.Release|x86.ActiveCfg = Release|Any CPU
		{3EFA3667-A8C6-45A9-8387-35A68FAD381C}.Release|x86.Build.0 = Release|Any CPU
	EndGlobalSection
	GlobalSection(SolutionProperties) = preSolution
		HideSolutionNode = FALSE
	EndGlobalSection
	GlobalSection(ExtensibilityGlobals) = postSolution
		SolutionGuid = {964EC27E-B206-467F-B8C7-013575DF4602}
	EndGlobalSection
EndGlobal
